{
  "version": 4,
  "terraform_version": "1.8.3",
  "serial": 182,
  "lineage": "4dbcf800-483b-dab2-36f9-b548d9de0af7",
  "outputs": {
    "backend_instance_1_id": {
      "value": "i-08b052d6ef5747d4b",
      "type": "string"
    },
    "backend_instance_2_id": {
      "value": "i-0fe776ced8fd5154a",
      "type": "string"
    },
    "backend_security_group_id": {
      "value": "sg-0a701424d12cd8da6",
      "type": "string"
    },
    "db_security_group_id": {
      "value": "sg-05cfa31ef856c60a8",
      "type": "string"
    },
    "elb_security_group_id": {
      "value": "sg-02259e0069edfbba1",
      "type": "string"
    },
    "subnet_id_1a": {
      "value": "subnet-06d13ed88c2d82750",
      "type": "string"
    },
    "subnet_id_1b": {
      "value": "subnet-075da63b220ab3baa",
      "type": "string"
    },
    "vpc_id": {
      "value": "vpc-08ba5dcdb112a2d45",
      "type": "string"
    },
    "web_elb_dns_name": {
      "value": "web-elb-620870371.us-east-1.elb.amazonaws.com",
      "type": "string"
    }
  },
  "resources": [
    {
      "mode": "managed",
      "type": "aws_autoscaling_group",
      "name": "app_autoscaling_group",
      "provider": "provider[\"registry.terraform.io/hashicorp/aws\"]",
      "instances": [
        {
          "status": "tainted",
          "schema_version": 1,
          "attributes": {
            "arn": null,
            "availability_zones": [],
            "capacity_rebalance": null,
            "context": null,
            "default_cooldown": null,
            "default_instance_warmup": null,
            "desired_capacity": 2,
            "desired_capacity_type": null,
            "enabled_metrics": null,
            "force_delete": false,
            "force_delete_warm_pool": false,
            "health_check_grace_period": 300,
            "health_check_type": null,
            "id": "terraform-20240515195147437900000004",
            "ignore_failed_scaling_activities": false,
            "initial_lifecycle_hook": [],
            "instance_maintenance_policy": [],
            "instance_refresh": [],
            "launch_configuration": "app-launch-configuration-20240515195143269600000001",
            "launch_template": null,
            "load_balancers": [],
            "max_instance_lifetime": null,
            "max_size": 3,
            "metrics_granularity": "1Minute",
            "min_elb_capacity": null,
            "min_size": 1,
            "mixed_instances_policy": null,
            "name": null,
            "name_prefix": null,
            "placement_group": null,
            "predicted_capacity": null,
            "protect_from_scale_in": false,
            "service_linked_role_arn": null,
            "suspended_processes": null,
            "tag": [
              {
                "key": "Name",
                "propagate_at_launch": true,
                "value": "asg-instance"
              }
            ],
            "target_group_arns": [],
            "termination_policies": null,
            "timeouts": null,
            "traffic_source": [],
            "vpc_zone_identifier": [
              "subnet-06d13ed88c2d82750",
              "subnet-075da63b220ab3baa"
            ],
            "wait_for_capacity_timeout": "15m",
            "wait_for_elb_capacity": null,
            "warm_pool": [],
            "warm_pool_size": null
          },
          "sensitive_attributes": [],
          "private": "eyJlMmJmYjczMC1lY2FhLTExZTYtOGY4OC0zNDM2M2JjN2M0YzAiOnsiZGVsZXRlIjo2MDAwMDAwMDAwMDAsInVwZGF0ZSI6NjAwMDAwMDAwMDAwfSwic2NoZW1hX3ZlcnNpb24iOiIxIn0=",
          "dependencies": [
            "aws_key_pair.deployer_key_pair",
            "aws_launch_configuration.app_launch_configuration",
            "aws_security_group.backend_security_group",
            "aws_security_group.elb_security_group",
            "aws_subnet.public_subnet_1a",
            "aws_subnet.public_subnet_1b",
            "aws_vpc.main",
            "tls_private_key.pk"
          ],
          "create_before_destroy": true
        }
      ]
    },
    {
      "mode": "managed",
      "type": "aws_elb",
      "name": "web_elb",
      "provider": "provider[\"registry.terraform.io/hashicorp/aws\"]",
      "instances": [
        {
          "schema_version": 0,
          "attributes": {
            "access_logs": [],
            "arn": "arn:aws:elasticloadbalancing:us-east-1:425101071199:loadbalancer/web-elb",
            "availability_zones": [
              "us-east-1a",
              "us-east-1b"
            ],
            "connection_draining": false,
            "connection_draining_timeout": 300,
            "cross_zone_load_balancing": true,
            "desync_mitigation_mode": "defensive",
            "dns_name": "web-elb-620870371.us-east-1.elb.amazonaws.com",
            "health_check": [
              {
                "healthy_threshold": 2,
                "interval": 30,
                "target": "HTTP:80/",
                "timeout": 5,
                "unhealthy_threshold": 2
              }
            ],
            "id": "web-elb",
            "idle_timeout": 60,
            "instances": [],
            "internal": false,
            "listener": [
              {
                "instance_port": 80,
                "instance_protocol": "HTTP",
                "lb_port": 80,
                "lb_protocol": "HTTP",
                "ssl_certificate_id": ""
              }
            ],
            "name": "web-elb",
            "name_prefix": "",
            "security_groups": [
              "sg-02259e0069edfbba1"
            ],
            "source_security_group": "425101071199/elb-security-group",
            "source_security_group_id": "sg-02259e0069edfbba1",
            "subnets": [
              "subnet-06d13ed88c2d82750",
              "subnet-075da63b220ab3baa"
            ],
            "tags": {
              "Name": "web-elb"
            },
            "tags_all": {
              "Name": "web-elb"
            },
            "timeouts": null,
            "zone_id": "Z35SXDOTRQ7X7K"
          },
          "sensitive_attributes": [],
          "private": "eyJlMmJmYjczMC1lY2FhLTExZTYtOGY4OC0zNDM2M2JjN2M0YzAiOnsiY3JlYXRlIjozMDAwMDAwMDAwMDAsInVwZGF0ZSI6MzAwMDAwMDAwMDAwfX0=",
          "dependencies": [
            "aws_security_group.elb_security_group",
            "aws_subnet.public_subnet_1a",
            "aws_subnet.public_subnet_1b",
            "aws_vpc.main"
          ],
          "create_before_destroy": true
        }
      ]
    },
    {
      "mode": "managed",
      "type": "aws_instance",
      "name": "backend_instance_1",
      "provider": "provider[\"registry.terraform.io/hashicorp/aws\"]",
      "instances": [
        {
          "schema_version": 1,
          "attributes": {
            "ami": "ami-0a6ea00f081e84623",
            "arn": "arn:aws:ec2:us-east-1:425101071199:instance/i-08b052d6ef5747d4b",
            "associate_public_ip_address": true,
            "availability_zone": "us-east-1a",
            "capacity_reservation_specification": [
              {
                "capacity_reservation_preference": "open",
                "capacity_reservation_target": []
              }
            ],
            "cpu_core_count": 1,
            "cpu_options": [
              {
                "amd_sev_snp": "",
                "core_count": 1,
                "threads_per_core": 1
              }
            ],
            "cpu_threads_per_core": 1,
            "credit_specification": [
              {
                "cpu_credits": "standard"
              }
            ],
            "disable_api_stop": false,
            "disable_api_termination": false,
            "ebs_block_device": [],
            "ebs_optimized": false,
            "enclave_options": [
              {
                "enabled": false
              }
            ],
            "ephemeral_block_device": [],
            "get_password_data": false,
            "hibernation": false,
            "host_id": "",
            "host_resource_group_arn": null,
            "iam_instance_profile": "",
            "id": "i-08b052d6ef5747d4b",
            "instance_initiated_shutdown_behavior": "stop",
            "instance_lifecycle": "",
            "instance_market_options": [],
            "instance_state": "running",
            "instance_type": "t2.micro",
            "ipv6_address_count": 0,
            "ipv6_addresses": [],
            "key_name": "deployer-key-pair",
            "launch_template": [],
            "maintenance_options": [
              {
                "auto_recovery": "default"
              }
            ],
            "metadata_options": [
              {
                "http_endpoint": "enabled",
                "http_protocol_ipv6": "disabled",
                "http_put_response_hop_limit": 1,
                "http_tokens": "optional",
                "instance_metadata_tags": "disabled"
              }
            ],
            "monitoring": false,
            "network_interface": [],
            "outpost_arn": "",
            "password_data": "",
            "placement_group": "",
            "placement_partition_number": 0,
            "primary_network_interface_id": "eni-0b73d115e2cffd255",
            "private_dns": "ip-10-1-0-45.ec2.internal",
            "private_dns_name_options": [
              {
                "enable_resource_name_dns_a_record": false,
                "enable_resource_name_dns_aaaa_record": false,
                "hostname_type": "ip-name"
              }
            ],
            "private_ip": "10.1.0.45",
            "public_dns": "ec2-3-87-122-80.compute-1.amazonaws.com",
            "public_ip": "3.87.122.80",
            "root_block_device": [
              {
                "delete_on_termination": true,
                "device_name": "/dev/sda1",
                "encrypted": false,
                "iops": 100,
                "kms_key_id": "",
                "tags": {},
                "tags_all": {},
                "throughput": 0,
                "volume_id": "vol-0db91aa8299690536",
                "volume_size": 8,
                "volume_type": "gp2"
              }
            ],
            "secondary_private_ips": [],
            "security_groups": [],
            "source_dest_check": true,
            "spot_instance_request_id": "",
            "subnet_id": "subnet-06d13ed88c2d82750",
            "tags": {
              "Name": "backend-instance-1"
            },
            "tags_all": {
              "Name": "backend-instance-1"
            },
            "tenancy": "default",
            "timeouts": null,
            "user_data": null,
            "user_data_base64": null,
            "user_data_replace_on_change": false,
            "volume_tags": null,
            "vpc_security_group_ids": [
              "sg-0a701424d12cd8da6"
            ]
          },
          "sensitive_attributes": [],
          "private": "eyJlMmJmYjczMC1lY2FhLTExZTYtOGY4OC0zNDM2M2JjN2M0YzAiOnsiY3JlYXRlIjo2MDAwMDAwMDAwMDAsImRlbGV0ZSI6MTIwMDAwMDAwMDAwMCwicmVhZCI6OTAwMDAwMDAwMDAwLCJ1cGRhdGUiOjYwMDAwMDAwMDAwMH0sInNjaGVtYV92ZXJzaW9uIjoiMSJ9",
          "dependencies": [
            "aws_key_pair.deployer_key_pair",
            "aws_security_group.backend_security_group",
            "aws_security_group.elb_security_group",
            "aws_subnet.public_subnet_1a",
            "aws_vpc.main",
            "tls_private_key.pk"
          ],
          "create_before_destroy": true
        }
      ]
    },
    {
      "mode": "managed",
      "type": "aws_instance",
      "name": "backend_instance_2",
      "provider": "provider[\"registry.terraform.io/hashicorp/aws\"]",
      "instances": [
        {
          "schema_version": 1,
          "attributes": {
            "ami": "ami-0a6ea00f081e84623",
            "arn": "arn:aws:ec2:us-east-1:425101071199:instance/i-0fe776ced8fd5154a",
            "associate_public_ip_address": true,
            "availability_zone": "us-east-1b",
            "capacity_reservation_specification": [
              {
                "capacity_reservation_preference": "open",
                "capacity_reservation_target": []
              }
            ],
            "cpu_core_count": 1,
            "cpu_options": [
              {
                "amd_sev_snp": "",
                "core_count": 1,
                "threads_per_core": 1
              }
            ],
            "cpu_threads_per_core": 1,
            "credit_specification": [
              {
                "cpu_credits": "standard"
              }
            ],
            "disable_api_stop": false,
            "disable_api_termination": false,
            "ebs_block_device": [],
            "ebs_optimized": false,
            "enclave_options": [
              {
                "enabled": false
              }
            ],
            "ephemeral_block_device": [],
            "get_password_data": false,
            "hibernation": false,
            "host_id": "",
            "host_resource_group_arn": null,
            "iam_instance_profile": "",
            "id": "i-0fe776ced8fd5154a",
            "instance_initiated_shutdown_behavior": "stop",
            "instance_lifecycle": "",
            "instance_market_options": [],
            "instance_state": "running",
            "instance_type": "t2.micro",
            "ipv6_address_count": 0,
            "ipv6_addresses": [],
            "key_name": "deployer-key-pair",
            "launch_template": [],
            "maintenance_options": [
              {
                "auto_recovery": "default"
              }
            ],
            "metadata_options": [
              {
                "http_endpoint": "enabled",
                "http_protocol_ipv6": "disabled",
                "http_put_response_hop_limit": 1,
                "http_tokens": "optional",
                "instance_metadata_tags": "disabled"
              }
            ],
            "monitoring": false,
            "network_interface": [],
            "outpost_arn": "",
            "password_data": "",
            "placement_group": "",
            "placement_partition_number": 0,
            "primary_network_interface_id": "eni-09e682d119a495282",
            "private_dns": "ip-10-1-16-248.ec2.internal",
            "private_dns_name_options": [
              {
                "enable_resource_name_dns_a_record": false,
                "enable_resource_name_dns_aaaa_record": false,
                "hostname_type": "ip-name"
              }
            ],
            "private_ip": "10.1.16.248",
            "public_dns": "ec2-18-207-102-40.compute-1.amazonaws.com",
            "public_ip": "18.207.102.40",
            "root_block_device": [
              {
                "delete_on_termination": true,
                "device_name": "/dev/sda1",
                "encrypted": false,
                "iops": 100,
                "kms_key_id": "",
                "tags": {},
                "tags_all": {},
                "throughput": 0,
                "volume_id": "vol-0e3952d13b79d06ab",
                "volume_size": 8,
                "volume_type": "gp2"
              }
            ],
            "secondary_private_ips": [],
            "security_groups": [],
            "source_dest_check": true,
            "spot_instance_request_id": "",
            "subnet_id": "subnet-075da63b220ab3baa",
            "tags": {
              "Name": "backend-instance-2"
            },
            "tags_all": {
              "Name": "backend-instance-2"
            },
            "tenancy": "default",
            "timeouts": null,
            "user_data": null,
            "user_data_base64": null,
            "user_data_replace_on_change": false,
            "volume_tags": null,
            "vpc_security_group_ids": [
              "sg-0a701424d12cd8da6"
            ]
          },
          "sensitive_attributes": [],
          "private": "eyJlMmJmYjczMC1lY2FhLTExZTYtOGY4OC0zNDM2M2JjN2M0YzAiOnsiY3JlYXRlIjo2MDAwMDAwMDAwMDAsImRlbGV0ZSI6MTIwMDAwMDAwMDAwMCwicmVhZCI6OTAwMDAwMDAwMDAwLCJ1cGRhdGUiOjYwMDAwMDAwMDAwMH0sInNjaGVtYV92ZXJzaW9uIjoiMSJ9",
          "dependencies": [
            "aws_security_group.backend_security_group",
            "aws_security_group.elb_security_group",
            "aws_subnet.public_subnet_1b",
            "aws_vpc.main"
          ],
          "create_before_destroy": true
        }
      ]
    },
    {
      "mode": "managed",
      "type": "aws_internet_gateway",
      "name": "igw",
      "provider": "provider[\"registry.terraform.io/hashicorp/aws\"]",
      "instances": [
        {
          "schema_version": 0,
          "attributes": {
            "arn": "arn:aws:ec2:us-east-1:425101071199:internet-gateway/igw-0084ad111d3cda68b",
            "id": "igw-0084ad111d3cda68b",
            "owner_id": "425101071199",
            "tags": {
              "Name": "main-igw"
            },
            "tags_all": {
              "Name": "main-igw"
            },
            "timeouts": null,
            "vpc_id": "vpc-08ba5dcdb112a2d45"
          },
          "sensitive_attributes": [],
          "private": "eyJlMmJmYjczMC1lY2FhLTExZTYtOGY4OC0zNDM2M2JjN2M0YzAiOnsiY3JlYXRlIjoxMjAwMDAwMDAwMDAwLCJkZWxldGUiOjEyMDAwMDAwMDAwMDAsInVwZGF0ZSI6MTIwMDAwMDAwMDAwMH19",
          "dependencies": [
            "aws_vpc.main"
          ]
        }
      ]
    },
    {
      "mode": "managed",
      "type": "aws_key_pair",
      "name": "deployer_key_pair",
      "provider": "provider[\"registry.terraform.io/hashicorp/aws\"]",
      "instances": [
        {
          "schema_version": 1,
          "attributes": {
            "arn": "arn:aws:ec2:us-east-1:425101071199:key-pair/deployer-key-pair",
            "fingerprint": "a2:67:fa:36:85:94:4e:7b:1d:73:87:04:ec:13:8e:85",
            "id": "deployer-key-pair",
            "key_name": "deployer-key-pair",
            "key_name_prefix": "",
            "key_pair_id": "key-0cd7edd042452bc3d",
            "key_type": "rsa",
            "public_key": "ssh-rsa AAAAB3NzaC1yc2EAAAADAQABAAACAQDkYReG5ycoHJRC0NDsBsqf5jO+jVnqcYT3WGA6tzzqb2EaVDc8Hd8zIdC91Re1QThsm2LPJN9wGDmkv/faHBM7vGa4aW24Fx/RBmr4174fS9bArEuu23NSxGaIvLyehOSi1yig8Vo0wtXYrfb6Z8vgSk/v/ZyW3a6pdDCToAvwSHleqGgZjHnwpb33I49gYr6pt3q1Y/DLSvQHvk1rx7zjFSTsGiKNaBjsJMgwnRooW+LtjeS0m9LPcq3fmgRHvte3T6Z3pqQ9s+9uMOu+dP1Qr3/uRGWLFja1YoZRX7RDhcGZQ03doBFh9Uy/pHen1VspW0R7iXkLb6qs8JgVL9pvCa0mE6mf4NJVoKUJpbGV6B+WYBzSLzcVCfH25YnLkkPTSne/jLjJcPXqd5/ul5fOhtrTMnbvuVmEXshdKUvcR7cLmDpVTFkJ8Om9O4a7uNRF7YFdHkeiGvGFrviN0qrrJKTi9dUx82iuzCn5rVMyDMTRfAE24GUZcxMZ7EtSTcErkBgxS0+USO2+lk3wFtqBsSVL3qAJjLJHIacVi5rDVqTquC18YutOkWBpOWkr79JeqjEleXTor29ctRikBruhDzZBL9I6BTnsXsVYDIekKsqh6E0H4IY9kJxi2GQZbKxMz1OVO/VLtduHs+iSk0fhYLlCUl/8kh2YL0fAfJqHDQ==",
            "tags": null,
            "tags_all": {}
          },
          "sensitive_attributes": [],
          "private": "eyJzY2hlbWFfdmVyc2lvbiI6IjEifQ==",
          "dependencies": [
            "tls_private_key.pk"
          ],
          "create_before_destroy": true
        }
      ]
    },
    {
      "mode": "managed",
      "type": "aws_launch_configuration",
      "name": "app_launch_configuration",
      "provider": "provider[\"registry.terraform.io/hashicorp/aws\"]",
      "instances": [
        {
          "schema_version": 0,
          "attributes": {
            "arn": "arn:aws:autoscaling:us-east-1:425101071199:launchConfiguration:e7048e64-c791-4bfd-af8f-179adc265a6c:launchConfigurationName/app-launch-configuration-20240515195143269600000001",
            "associate_public_ip_address": false,
            "ebs_block_device": [],
            "ebs_optimized": false,
            "enable_monitoring": true,
            "ephemeral_block_device": [],
            "iam_instance_profile": "",
            "id": "app-launch-configuration-20240515195143269600000001",
            "image_id": "ami-0a6ea00f081e84623",
            "instance_type": "t2.micro",
            "key_name": "deployer-key-pair",
            "metadata_options": [],
            "name": "app-launch-configuration-20240515195143269600000001",
            "name_prefix": "app-launch-configuration-",
            "placement_tenancy": "",
            "root_block_device": [],
            "security_groups": [
              "sg-0a701424d12cd8da6"
            ],
            "spot_price": "",
            "user_data": "94ccd9573596265b5348ce609449d0f53f9dc8c5",
            "user_data_base64": null
          },
          "sensitive_attributes": [],
          "private": "bnVsbA==",
          "dependencies": [
            "aws_key_pair.deployer_key_pair",
            "aws_security_group.backend_security_group",
            "aws_security_group.elb_security_group",
            "aws_vpc.main",
            "tls_private_key.pk"
          ],
          "create_before_destroy": true
        }
      ]
    },
    {
      "mode": "managed",
      "type": "aws_route",
      "name": "internet_access",
      "provider": "provider[\"registry.terraform.io/hashicorp/aws\"]",
      "instances": [
        {
          "schema_version": 0,
          "attributes": {
            "carrier_gateway_id": "",
            "core_network_arn": "",
            "destination_cidr_block": "0.0.0.0/0",
            "destination_ipv6_cidr_block": "",
            "destination_prefix_list_id": "",
            "egress_only_gateway_id": "",
            "gateway_id": "igw-0084ad111d3cda68b",
            "id": "r-rtb-0e3de0365ca8e76c01080289494",
            "instance_id": "",
            "instance_owner_id": "",
            "local_gateway_id": "",
            "nat_gateway_id": "",
            "network_interface_id": "",
            "origin": "CreateRoute",
            "route_table_id": "rtb-0e3de0365ca8e76c0",
            "state": "active",
            "timeouts": null,
            "transit_gateway_id": "",
            "vpc_endpoint_id": "",
            "vpc_peering_connection_id": ""
          },
          "sensitive_attributes": [],
          "private": "eyJlMmJmYjczMC1lY2FhLTExZTYtOGY4OC0zNDM2M2JjN2M0YzAiOnsiY3JlYXRlIjozMDAwMDAwMDAwMDAsImRlbGV0ZSI6MzAwMDAwMDAwMDAwLCJ1cGRhdGUiOjEyMDAwMDAwMDAwMH19",
          "dependencies": [
            "aws_internet_gateway.igw",
            "aws_vpc.main"
          ]
        }
      ]
    },
    {
      "mode": "managed",
      "type": "aws_security_group",
      "name": "backend_security_group",
      "provider": "provider[\"registry.terraform.io/hashicorp/aws\"]",
      "instances": [
        {
          "schema_version": 1,
          "attributes": {
            "arn": "arn:aws:ec2:us-east-1:425101071199:security-group/sg-0a701424d12cd8da6",
            "description": "Security group for backend instances",
            "egress": [
              {
                "cidr_blocks": [
                  "0.0.0.0/0"
                ],
                "description": "",
                "from_port": 0,
                "ipv6_cidr_blocks": [],
                "prefix_list_ids": [],
                "protocol": "-1",
                "security_groups": [],
                "self": false,
                "to_port": 0
              }
            ],
            "id": "sg-0a701424d12cd8da6",
            "ingress": [
              {
                "cidr_blocks": [
                  "0.0.0.0/0"
                ],
                "description": "",
                "from_port": 22,
                "ipv6_cidr_blocks": [],
                "prefix_list_ids": [],
                "protocol": "tcp",
                "security_groups": [],
                "self": false,
                "to_port": 22
              },
              {
                "cidr_blocks": [
                  "0.0.0.0/0"
                ],
                "description": "",
                "from_port": 80,
                "ipv6_cidr_blocks": [],
                "prefix_list_ids": [],
                "protocol": "tcp",
                "security_groups": [],
                "self": false,
                "to_port": 80
              },
              {
                "cidr_blocks": [],
                "description": "",
                "from_port": 8080,
                "ipv6_cidr_blocks": [],
                "prefix_list_ids": [],
                "protocol": "tcp",
                "security_groups": [
                  "sg-02259e0069edfbba1"
                ],
                "self": false,
                "to_port": 8080
              }
            ],
            "name": "backend-security-group",
            "name_prefix": "",
            "owner_id": "425101071199",
            "revoke_rules_on_delete": false,
            "tags": {
              "Name": "backend-security-group"
            },
            "tags_all": {
              "Name": "backend-security-group"
            },
            "timeouts": null,
            "vpc_id": "vpc-08ba5dcdb112a2d45"
          },
          "sensitive_attributes": [],
          "private": "eyJlMmJmYjczMC1lY2FhLTExZTYtOGY4OC0zNDM2M2JjN2M0YzAiOnsiY3JlYXRlIjo2MDAwMDAwMDAwMDAsImRlbGV0ZSI6OTAwMDAwMDAwMDAwfSwic2NoZW1hX3ZlcnNpb24iOiIxIn0=",
          "dependencies": [
            "aws_security_group.elb_security_group",
            "aws_vpc.main"
          ],
          "create_before_destroy": true
        }
      ]
    },
    {
      "mode": "managed",
      "type": "aws_security_group",
      "name": "elb_security_group",
      "provider": "provider[\"registry.terraform.io/hashicorp/aws\"]",
      "instances": [
        {
          "schema_version": 1,
          "attributes": {
            "arn": "arn:aws:ec2:us-east-1:425101071199:security-group/sg-02259e0069edfbba1",
            "description": "Security group for the ELB",
            "egress": [
              {
                "cidr_blocks": [
                  "0.0.0.0/0"
                ],
                "description": "",
                "from_port": 0,
                "ipv6_cidr_blocks": [],
                "prefix_list_ids": [],
                "protocol": "-1",
                "security_groups": [],
                "self": false,
                "to_port": 0
              }
            ],
            "id": "sg-02259e0069edfbba1",
            "ingress": [
              {
                "cidr_blocks": [
                  "0.0.0.0/0"
                ],
                "description": "",
                "from_port": 80,
                "ipv6_cidr_blocks": [],
                "prefix_list_ids": [],
                "protocol": "tcp",
                "security_groups": [],
                "self": false,
                "to_port": 80
              }
            ],
            "name": "elb-security-group",
            "name_prefix": "",
            "owner_id": "425101071199",
            "revoke_rules_on_delete": false,
            "tags": {
              "Name": "elb-security-group"
            },
            "tags_all": {
              "Name": "elb-security-group"
            },
            "timeouts": null,
            "vpc_id": "vpc-08ba5dcdb112a2d45"
          },
          "sensitive_attributes": [],
          "private": "eyJlMmJmYjczMC1lY2FhLTExZTYtOGY4OC0zNDM2M2JjN2M0YzAiOnsiY3JlYXRlIjo2MDAwMDAwMDAwMDAsImRlbGV0ZSI6OTAwMDAwMDAwMDAwfSwic2NoZW1hX3ZlcnNpb24iOiIxIn0=",
          "dependencies": [
            "aws_vpc.main"
          ],
          "create_before_destroy": true
        }
      ]
    },
    {
      "mode": "managed",
      "type": "aws_security_group",
      "name": "rds_security_group",
      "provider": "provider[\"registry.terraform.io/hashicorp/aws\"]",
      "instances": [
        {
          "schema_version": 1,
          "attributes": {
            "arn": "arn:aws:ec2:us-east-1:425101071199:security-group/sg-05cfa31ef856c60a8",
            "description": "Security group for RDS",
            "egress": [
              {
                "cidr_blocks": [
                  "0.0.0.0/0"
                ],
                "description": "",
                "from_port": 0,
                "ipv6_cidr_blocks": [],
                "prefix_list_ids": [],
                "protocol": "-1",
                "security_groups": [],
                "self": false,
                "to_port": 0
              }
            ],
            "id": "sg-05cfa31ef856c60a8",
            "ingress": [
              {
                "cidr_blocks": [
                  "0.0.0.0/0"
                ],
                "description": "",
                "from_port": 5432,
                "ipv6_cidr_blocks": [],
                "prefix_list_ids": [],
                "protocol": "tcp",
                "security_groups": [],
                "self": false,
                "to_port": 5432
              }
            ],
            "name": "rds-security-group",
            "name_prefix": "",
            "owner_id": "425101071199",
            "revoke_rules_on_delete": false,
            "tags": {
              "Name": "rds-security-group"
            },
            "tags_all": {
              "Name": "rds-security-group"
            },
            "timeouts": null,
            "vpc_id": "vpc-08ba5dcdb112a2d45"
          },
          "sensitive_attributes": [],
          "private": "eyJlMmJmYjczMC1lY2FhLTExZTYtOGY4OC0zNDM2M2JjN2M0YzAiOnsiY3JlYXRlIjo2MDAwMDAwMDAwMDAsImRlbGV0ZSI6OTAwMDAwMDAwMDAwfSwic2NoZW1hX3ZlcnNpb24iOiIxIn0=",
          "dependencies": [
            "aws_vpc.main"
          ]
        }
      ]
    },
    {
      "mode": "managed",
      "type": "aws_subnet",
      "name": "public_subnet_1a",
      "provider": "provider[\"registry.terraform.io/hashicorp/aws\"]",
      "instances": [
        {
          "schema_version": 1,
          "attributes": {
            "arn": "arn:aws:ec2:us-east-1:425101071199:subnet/subnet-06d13ed88c2d82750",
            "assign_ipv6_address_on_creation": false,
            "availability_zone": "us-east-1a",
            "availability_zone_id": "use1-az6",
            "cidr_block": "10.1.0.0/24",
            "customer_owned_ipv4_pool": "",
            "enable_dns64": false,
            "enable_lni_at_device_index": 0,
            "enable_resource_name_dns_a_record_on_launch": false,
            "enable_resource_name_dns_aaaa_record_on_launch": false,
            "id": "subnet-06d13ed88c2d82750",
            "ipv6_cidr_block": "",
            "ipv6_cidr_block_association_id": "",
            "ipv6_native": false,
            "map_customer_owned_ip_on_launch": false,
            "map_public_ip_on_launch": true,
            "outpost_arn": "",
            "owner_id": "425101071199",
            "private_dns_hostname_type_on_launch": "ip-name",
            "tags": {
              "Name": "public-subnet-1a"
            },
            "tags_all": {
              "Name": "public-subnet-1a"
            },
            "timeouts": null,
            "vpc_id": "vpc-08ba5dcdb112a2d45"
          },
          "sensitive_attributes": [],
          "private": "eyJlMmJmYjczMC1lY2FhLTExZTYtOGY4OC0zNDM2M2JjN2M0YzAiOnsiY3JlYXRlIjo2MDAwMDAwMDAwMDAsImRlbGV0ZSI6MTIwMDAwMDAwMDAwMH0sInNjaGVtYV92ZXJzaW9uIjoiMSJ9",
          "dependencies": [
            "aws_vpc.main"
          ],
          "create_before_destroy": true
        }
      ]
    },
    {
      "mode": "managed",
      "type": "aws_subnet",
      "name": "public_subnet_1b",
      "provider": "provider[\"registry.terraform.io/hashicorp/aws\"]",
      "instances": [
        {
          "schema_version": 1,
          "attributes": {
            "arn": "arn:aws:ec2:us-east-1:425101071199:subnet/subnet-075da63b220ab3baa",
            "assign_ipv6_address_on_creation": false,
            "availability_zone": "us-east-1b",
            "availability_zone_id": "use1-az1",
            "cidr_block": "10.1.16.0/24",
            "customer_owned_ipv4_pool": "",
            "enable_dns64": false,
            "enable_lni_at_device_index": 0,
            "enable_resource_name_dns_a_record_on_launch": false,
            "enable_resource_name_dns_aaaa_record_on_launch": false,
            "id": "subnet-075da63b220ab3baa",
            "ipv6_cidr_block": "",
            "ipv6_cidr_block_association_id": "",
            "ipv6_native": false,
            "map_customer_owned_ip_on_launch": false,
            "map_public_ip_on_launch": true,
            "outpost_arn": "",
            "owner_id": "425101071199",
            "private_dns_hostname_type_on_launch": "ip-name",
            "tags": {
              "Name": "public-subnet-1b"
            },
            "tags_all": {
              "Name": "public-subnet-1b"
            },
            "timeouts": null,
            "vpc_id": "vpc-08ba5dcdb112a2d45"
          },
          "sensitive_attributes": [],
          "private": "eyJlMmJmYjczMC1lY2FhLTExZTYtOGY4OC0zNDM2M2JjN2M0YzAiOnsiY3JlYXRlIjo2MDAwMDAwMDAwMDAsImRlbGV0ZSI6MTIwMDAwMDAwMDAwMH0sInNjaGVtYV92ZXJzaW9uIjoiMSJ9",
          "dependencies": [
            "aws_vpc.main"
          ],
          "create_before_destroy": true
        }
      ]
    },
    {
      "mode": "managed",
      "type": "aws_vpc",
      "name": "main",
      "provider": "provider[\"registry.terraform.io/hashicorp/aws\"]",
      "instances": [
        {
          "schema_version": 1,
          "attributes": {
            "arn": "arn:aws:ec2:us-east-1:425101071199:vpc/vpc-08ba5dcdb112a2d45",
            "assign_generated_ipv6_cidr_block": false,
            "cidr_block": "10.1.0.0/16",
            "default_network_acl_id": "acl-0e3440f8405631cfa",
            "default_route_table_id": "rtb-0e3de0365ca8e76c0",
            "default_security_group_id": "sg-04577ba4b3095e974",
            "dhcp_options_id": "dopt-056bf141c053f31c8",
            "enable_dns_hostnames": true,
            "enable_dns_support": true,
            "enable_network_address_usage_metrics": false,
            "id": "vpc-08ba5dcdb112a2d45",
            "instance_tenancy": "default",
            "ipv4_ipam_pool_id": null,
            "ipv4_netmask_length": null,
            "ipv6_association_id": "",
            "ipv6_cidr_block": "",
            "ipv6_cidr_block_network_border_group": "",
            "ipv6_ipam_pool_id": "",
            "ipv6_netmask_length": 0,
            "main_route_table_id": "rtb-0e3de0365ca8e76c0",
            "owner_id": "425101071199",
            "tags": {
              "Name": "main-vpc"
            },
            "tags_all": {
              "Name": "main-vpc"
            }
          },
          "sensitive_attributes": [],
          "private": "eyJzY2hlbWFfdmVyc2lvbiI6IjEifQ==",
          "create_before_destroy": true
        }
      ]
    },
    {
      "mode": "managed",
      "type": "tls_private_key",
      "name": "pk",
      "provider": "provider[\"registry.terraform.io/hashicorp/tls\"]",
      "instances": [
        {
          "schema_version": 1,
          "attributes": {
            "algorithm": "RSA",
            "ecdsa_curve": "P224",
            "id": "64b333553d2366a3ba2579cb6c9e2e96b3f40c07",
            "private_key_openssh": "-----BEGIN OPENSSH PRIVATE KEY-----\nb3BlbnNzaC1rZXktdjEAAAAABG5vbmUAAAAEbm9uZQAAAAAAAAABAAACFwAAAAdz\nc2gtcnNhAAAAAwEAAQAAAgEA5GEXhucnKByUQtDQ7AbKn+Yzvo1Z6nGE91hgOrc8\n6m9hGlQ3PB3fMyHQvdUXtUE4bJtizyTfcBg5pL/32hwTO7xmuGltuBcf0QZq+Ne+\nH0vWwKxLrttzUsRmiLy8noTkotcooPFaNMLV2K32+mfL4EpP7/2clt2uqXQwk6AL\n8Eh5XqhoGYx58KW99yOPYGK+qbd6tWPwy0r0B75Na8e84xUk7BoijWgY7CTIMJ0a\nKFvi7Y3ktJvSz3Kt35oER77Xt0+md6akPbPvbjDrvnT9UK9/7kRlixY2tWKGUV+0\nQ4XBmUNN3aARYfVMv6R3p9VbKVtEe4l5C2+qrPCYFS/abwmtJhOpn+DSVaClCaWx\nlegflmAc0i83FQnx9uWJy5JD00p3v4y4yXD16nef7peXzoba0zJ277lZhF7IXSlL\n3Ee3C5g6VUxZCfDpvTuGu7jURe2BXR5Hohrxha74jdKq6ySk4vXVMfNorswp+a1T\nMgzE0XwBNuBlGXMTGexLUk3BK5AYMUtPlEjtvpZN8BbagbElS96gCYyyRyGnFYua\nw1ak6rgtfGLrTpFgaTlpK+/SXqoxJXl06K9vXLUYpAa7oQ82QS/SOgU57F7FWAyH\npCrKoehNB+CGPZCcYthkGWysTM9TlTv1S7Xbh7PokpNH4WC5QlJf/JIdmC9HwHya\nhw0AAAc40Tf2x9E39scAAAAHc3NoLXJzYQAAAgEA5GEXhucnKByUQtDQ7AbKn+Yz\nvo1Z6nGE91hgOrc86m9hGlQ3PB3fMyHQvdUXtUE4bJtizyTfcBg5pL/32hwTO7xm\nuGltuBcf0QZq+Ne+H0vWwKxLrttzUsRmiLy8noTkotcooPFaNMLV2K32+mfL4EpP\n7/2clt2uqXQwk6AL8Eh5XqhoGYx58KW99yOPYGK+qbd6tWPwy0r0B75Na8e84xUk\n7BoijWgY7CTIMJ0aKFvi7Y3ktJvSz3Kt35oER77Xt0+md6akPbPvbjDrvnT9UK9/\n7kRlixY2tWKGUV+0Q4XBmUNN3aARYfVMv6R3p9VbKVtEe4l5C2+qrPCYFS/abwmt\nJhOpn+DSVaClCaWxlegflmAc0i83FQnx9uWJy5JD00p3v4y4yXD16nef7peXzoba\n0zJ277lZhF7IXSlL3Ee3C5g6VUxZCfDpvTuGu7jURe2BXR5Hohrxha74jdKq6ySk\n4vXVMfNorswp+a1TMgzE0XwBNuBlGXMTGexLUk3BK5AYMUtPlEjtvpZN8BbagbEl\nS96gCYyyRyGnFYuaw1ak6rgtfGLrTpFgaTlpK+/SXqoxJXl06K9vXLUYpAa7oQ82\nQS/SOgU57F7FWAyHpCrKoehNB+CGPZCcYthkGWysTM9TlTv1S7Xbh7PokpNH4WC5\nQlJf/JIdmC9HwHyahw0AAAADAQABAAACAQCV3VjQ/9LkMYzhI6JVoEdLEocWHi/I\n9uFoZqgPH7tro9c2rdjpLDkRlrkiOTmribb7HiSDBhFRv7Pj9s0wZYgBhSprDVQg\nn5wTUIDV9s0eQGgWW3n2rq9IuvUF+cRUyaQ3b7WLl5W4Vbp6y/3saDyTXHCEbgpZ\nvfMl48cUuMvcy9JJWX2mdlZ2omy8RquJdoLjYDG34nNbFD567lhjx9ids3xdKvFN\nlef03lY4AH/vyAxsEtbn5fE6jGio+KqiYguwkSYOEl5o1zDhQF0SyDaKwf/TXTK9\nSMBx2suFjqX+QUG/zzjDnIyLmarZf5W9nvaJdwjDgHzcElUP03oZPSO6yEFKAiqX\n/b+5WWUfA9qEOdRWUH6ZQiHW9i2vpH18qCgS8qhmMKIgiAQxmTELUciqAvko5aFH\nSdQluK4pFrBqZotQnXK7wagR16BV7efO+6eEZ6ySBVgO74X8dE/UPqDFqlZ6iOYb\nCZBWHC4v+96Q4uK55Jo9QoCObq25D5IJxPpN7R/WZOGoIPFqndd6ZBjfgAHOxwlz\nwDhkGUmPIs8WFf1+rCf19He+Oy4Gnx2I4ISpetNRFuKDFr4xecpZLU7xVdWvjNV6\niYr62SlHpUW4PGfD5b/btixJA3aKM+runaNv81nHvleXBNSB8AvUI99NTVjBM9ge\nhuRVuN7drKFwgQAAAQBmbYYzcoC4IgFXiQUvAxnF7zmHGnk3gRPzIcRsG5hajIh8\n5M/R4U/+bRPRFRA8XazYtZAwULa61+gMJ7sbk4ijcWodbtlQ16bJNK2fD+zWtTYP\nJdg1FmKJoQxc0QX+nblDLCA3uPNGDOrMg5OfZRi4TtQ8UdqkP6eCuJMShmqnWx1i\nKjz5VrQGLDZgkBjSgFvunvqApld0VXmrxDp0VjhLV3Twq+HTYerqoNRW5rDrUOvU\nBikHPFExqOc6AOfZApAetIU4JUX3kBV6dRT88saVrkItNfB2WcM7B96xeGSiV2DM\nkmY0L0ubKkBpJAg25CZVmdkmkuSNl7g2ofiDp1GzAAABAQDqVJJC1g+uCcwPEHGD\njk8eNxNOhADYJdNK/HCwWa/jO/HUVuDMm2Zto9QQYWCtZeUcw/FXnckxE4y0VUkI\n9A8Ip2eN3CcUnqfGBx9a0XeagvO/CTpZHOD3NqrpfS9lJ3VA6rnZlBtCqrTeHgnJ\nXXFFtt/OeeDWwIEytoOlhUDoqA5TFSAzcTmqSVQG1LgDnPgCy000uPwepuSBYpc9\nAFd09ECQofEBlOdM2DtMcGC7+bgs05pLFoyr0OuHSWq9uK2s57xrofamTIEtN2kK\nmUua6C8whgOJnPBXRb33TBYw0Xh3MauU72HdGFGTFfqpnOKe8NhXhhsIPgkRm4eb\njkA9AAABAQD5f6MeB1/QKVIwvWQvRaumAqe7bsgSy7kn+NXCDopMUchG/8e7OEYh\nPAFk4h5SRXYmONxcoIX7iDMLa0UluiUjN1ym1Nh2HOozECg9apQpO1r48vb7oiOo\nlnXM9/p96bm1IQFi0z0ZUnYZZ22ug4RcgRNiwzJjhGvHF9vzWLvEDfEPpGkUxdvW\nH6yy6kI1iDXZugrNVNat5E9jk4e+6qhs9gJZ449OchEy3OkkUZh2NZJEADfqBcWq\nlVVPBr6RN2/6/H6hzMMk/LPsHCZUCKvpETjolzVafq631chtAp2YQGuDZeKy8bzd\nrqiF6Xx5CPsJ5J1JyZGKbX2ViC56En8RAAAAAAEC\n-----END OPENSSH PRIVATE KEY-----\n",
            "private_key_pem": "-----BEGIN RSA PRIVATE KEY-----\nMIIJKQIBAAKCAgEA5GEXhucnKByUQtDQ7AbKn+Yzvo1Z6nGE91hgOrc86m9hGlQ3\nPB3fMyHQvdUXtUE4bJtizyTfcBg5pL/32hwTO7xmuGltuBcf0QZq+Ne+H0vWwKxL\nrttzUsRmiLy8noTkotcooPFaNMLV2K32+mfL4EpP7/2clt2uqXQwk6AL8Eh5Xqho\nGYx58KW99yOPYGK+qbd6tWPwy0r0B75Na8e84xUk7BoijWgY7CTIMJ0aKFvi7Y3k\ntJvSz3Kt35oER77Xt0+md6akPbPvbjDrvnT9UK9/7kRlixY2tWKGUV+0Q4XBmUNN\n3aARYfVMv6R3p9VbKVtEe4l5C2+qrPCYFS/abwmtJhOpn+DSVaClCaWxlegflmAc\n0i83FQnx9uWJy5JD00p3v4y4yXD16nef7peXzoba0zJ277lZhF7IXSlL3Ee3C5g6\nVUxZCfDpvTuGu7jURe2BXR5Hohrxha74jdKq6ySk4vXVMfNorswp+a1TMgzE0XwB\nNuBlGXMTGexLUk3BK5AYMUtPlEjtvpZN8BbagbElS96gCYyyRyGnFYuaw1ak6rgt\nfGLrTpFgaTlpK+/SXqoxJXl06K9vXLUYpAa7oQ82QS/SOgU57F7FWAyHpCrKoehN\nB+CGPZCcYthkGWysTM9TlTv1S7Xbh7PokpNH4WC5QlJf/JIdmC9HwHyahw0CAwEA\nAQKCAgEAld1Y0P/S5DGM4SOiVaBHSxKHFh4vyPbhaGaoDx+7a6PXNq3Y6Sw5EZa5\nIjk5q4m2+x4kgwYRUb+z4/bNMGWIAYUqaw1UIJ+cE1CA1fbNHkBoFlt59q6vSLr1\nBfnEVMmkN2+1i5eVuFW6esv97Gg8k1xwhG4KWb3zJePHFLjL3MvSSVl9pnZWdqJs\nvEariXaC42Axt+JzWxQ+eu5YY8fYnbN8XSrxTZXn9N5WOAB/78gMbBLW5+XxOoxo\nqPiqomILsJEmDhJeaNcw4UBdEsg2isH/010yvUjAcdrLhY6l/kFBv884w5yMi5mq\n2X+VvZ72iXcIw4B83BJVD9N6GT0jushBSgIql/2/uVllHwPahDnUVlB+mUIh1vYt\nr6R9fKgoEvKoZjCiIIgEMZkxC1HIqgL5KOWhR0nUJbiuKRawamaLUJ1yu8GoEdeg\nVe3nzvunhGeskgVYDu+F/HRP1D6gxapWeojmGwmQVhwuL/vekOLiueSaPUKAjm6t\nuQ+SCcT6Te0f1mThqCDxap3XemQY34ABzscJc8A4ZBlJjyLPFhX9fqwn9fR3vjsu\nBp8diOCEqXrTURbigxa+MXnKWS1O8VXVr4zVeomK+tkpR6VFuDxnw+W/27YsSQN2\nijPq7p2jb/NZx75XlwTUgfAL1CPfTU1YwTPYHobkVbje3ayhcIECggEBAOpUkkLW\nD64JzA8QcYOOTx43E06EANgl00r8cLBZr+M78dRW4MybZm2j1BBhYK1l5RzD8Ved\nyTETjLRVSQj0DwinZ43cJxSep8YHH1rRd5qC878JOlkc4Pc2qul9L2UndUDqudmU\nG0KqtN4eCcldcUW238554NbAgTK2g6WFQOioDlMVIDNxOapJVAbUuAOc+ALLTTS4\n/B6m5IFilz0AV3T0QJCh8QGU50zYO0xwYLv5uCzTmksWjKvQ64dJar24raznvGuh\n9qZMgS03aQqZS5roLzCGA4mc8FdFvfdMFjDReHcxq5TvYd0YUZMV+qmc4p7w2FeG\nGwg+CRGbh5uOQD0CggEBAPl/ox4HX9ApUjC9ZC9Fq6YCp7tuyBLLuSf41cIOikxR\nyEb/x7s4RiE8AWTiHlJFdiY43FyghfuIMwtrRSW6JSM3XKbU2HYc6jMQKD1qlCk7\nWvjy9vuiI6iWdcz3+n3pubUhAWLTPRlSdhlnba6DhFyBE2LDMmOEa8cX2/NYu8QN\n8Q+kaRTF29YfrLLqQjWINdm6Cs1U1q3kT2OTh77qqGz2Alnjj05yETLc6SRRmHY1\nkkQAN+oFxaqVVU8GvpE3b/r8fqHMwyT8s+wcJlQIq+kROOiXNVp+rrfVyG0CnZhA\na4Nl4rLxvN2uqIXpfHkI+wnknUnJkYptfZWILnoSfxECggEAWSNmp+oJ+OhdKXXV\n2Hdv/UxyGbH5KD/rSmEQ9OSJFeWdrmqGBQ8wPZDOgJSqVAuoxfJ7ghrRh8uqAIdY\nywEcHuyfZcVTUHKx25CmCsQXvT0HP6pg+bkUkrXG+h7WwqHp5pHjtLK0U/3f44aF\nroXPKvfP1xlhwA9mlkX7eiFgeaBEIrKslyUBDJfsUNTmUumJJnbznZSow3g1AEri\nwR+6JREs5lfT+AgOnJq8o+0zvw3VU6gCz4F6bXmBvurcoeL4ngdhE4h+7O+5S9wC\nJzf9HKYqHUk9W0HJ40jyZHobDuL/8keAv5z4G0S+8zavLYoyYse3ZEPtUItYo8wI\nH9JS+QKCAQEAroMohQiDbAZ7BrxyJt6EgUm6KNAEAaGdkOfsHCAve9J4U7D0828Z\nHoXqM7Y1nzYWvgVnnSJqlNVfXs1ZQFpDP66pj8ew4Gy5I55ZhxvVJkHuD9NiDgAL\nERCstQF+pDOnQZokbgty4RNcp8hAX6B+JHXkKWB/DjzBZjC6GCwoqalWw6osFeuP\nKOZe1YYlaWwsvm3ywExnHJplLTEz8cYQqKYqXtVcl3IRtZHvQQgRrB0sgYPlmDsR\nV4+8a9o70TcFjHiv2lxu4qAe+Td3V6/5DryNIaMiHnodm1hdKGJ7+NKWYQIS3zdW\n83gHSCNYfRBbB0BxA/uJYVnUTZNDbv8hAQKCAQBmbYYzcoC4IgFXiQUvAxnF7zmH\nGnk3gRPzIcRsG5hajIh85M/R4U/+bRPRFRA8XazYtZAwULa61+gMJ7sbk4ijcWod\nbtlQ16bJNK2fD+zWtTYPJdg1FmKJoQxc0QX+nblDLCA3uPNGDOrMg5OfZRi4TtQ8\nUdqkP6eCuJMShmqnWx1iKjz5VrQGLDZgkBjSgFvunvqApld0VXmrxDp0VjhLV3Tw\nq+HTYerqoNRW5rDrUOvUBikHPFExqOc6AOfZApAetIU4JUX3kBV6dRT88saVrkIt\nNfB2WcM7B96xeGSiV2DMkmY0L0ubKkBpJAg25CZVmdkmkuSNl7g2ofiDp1Gz\n-----END RSA PRIVATE KEY-----\n",
            "private_key_pem_pkcs8": "-----BEGIN PRIVATE KEY-----\nMIIJQwIBADANBgkqhkiG9w0BAQEFAASCCS0wggkpAgEAAoICAQDkYReG5ycoHJRC\n0NDsBsqf5jO+jVnqcYT3WGA6tzzqb2EaVDc8Hd8zIdC91Re1QThsm2LPJN9wGDmk\nv/faHBM7vGa4aW24Fx/RBmr4174fS9bArEuu23NSxGaIvLyehOSi1yig8Vo0wtXY\nrfb6Z8vgSk/v/ZyW3a6pdDCToAvwSHleqGgZjHnwpb33I49gYr6pt3q1Y/DLSvQH\nvk1rx7zjFSTsGiKNaBjsJMgwnRooW+LtjeS0m9LPcq3fmgRHvte3T6Z3pqQ9s+9u\nMOu+dP1Qr3/uRGWLFja1YoZRX7RDhcGZQ03doBFh9Uy/pHen1VspW0R7iXkLb6qs\n8JgVL9pvCa0mE6mf4NJVoKUJpbGV6B+WYBzSLzcVCfH25YnLkkPTSne/jLjJcPXq\nd5/ul5fOhtrTMnbvuVmEXshdKUvcR7cLmDpVTFkJ8Om9O4a7uNRF7YFdHkeiGvGF\nrviN0qrrJKTi9dUx82iuzCn5rVMyDMTRfAE24GUZcxMZ7EtSTcErkBgxS0+USO2+\nlk3wFtqBsSVL3qAJjLJHIacVi5rDVqTquC18YutOkWBpOWkr79JeqjEleXTor29c\ntRikBruhDzZBL9I6BTnsXsVYDIekKsqh6E0H4IY9kJxi2GQZbKxMz1OVO/VLtduH\ns+iSk0fhYLlCUl/8kh2YL0fAfJqHDQIDAQABAoICAQCV3VjQ/9LkMYzhI6JVoEdL\nEocWHi/I9uFoZqgPH7tro9c2rdjpLDkRlrkiOTmribb7HiSDBhFRv7Pj9s0wZYgB\nhSprDVQgn5wTUIDV9s0eQGgWW3n2rq9IuvUF+cRUyaQ3b7WLl5W4Vbp6y/3saDyT\nXHCEbgpZvfMl48cUuMvcy9JJWX2mdlZ2omy8RquJdoLjYDG34nNbFD567lhjx9id\ns3xdKvFNlef03lY4AH/vyAxsEtbn5fE6jGio+KqiYguwkSYOEl5o1zDhQF0SyDaK\nwf/TXTK9SMBx2suFjqX+QUG/zzjDnIyLmarZf5W9nvaJdwjDgHzcElUP03oZPSO6\nyEFKAiqX/b+5WWUfA9qEOdRWUH6ZQiHW9i2vpH18qCgS8qhmMKIgiAQxmTELUciq\nAvko5aFHSdQluK4pFrBqZotQnXK7wagR16BV7efO+6eEZ6ySBVgO74X8dE/UPqDF\nqlZ6iOYbCZBWHC4v+96Q4uK55Jo9QoCObq25D5IJxPpN7R/WZOGoIPFqndd6ZBjf\ngAHOxwlzwDhkGUmPIs8WFf1+rCf19He+Oy4Gnx2I4ISpetNRFuKDFr4xecpZLU7x\nVdWvjNV6iYr62SlHpUW4PGfD5b/btixJA3aKM+runaNv81nHvleXBNSB8AvUI99N\nTVjBM9gehuRVuN7drKFwgQKCAQEA6lSSQtYPrgnMDxBxg45PHjcTToQA2CXTSvxw\nsFmv4zvx1FbgzJtmbaPUEGFgrWXlHMPxV53JMROMtFVJCPQPCKdnjdwnFJ6nxgcf\nWtF3moLzvwk6WRzg9zaq6X0vZSd1QOq52ZQbQqq03h4JyV1xRbbfznng1sCBMraD\npYVA6KgOUxUgM3E5qklUBtS4A5z4AstNNLj8HqbkgWKXPQBXdPRAkKHxAZTnTNg7\nTHBgu/m4LNOaSxaMq9Drh0lqvbitrOe8a6H2pkyBLTdpCplLmugvMIYDiZzwV0W9\n90wWMNF4dzGrlO9h3RhRkxX6qZzinvDYV4YbCD4JEZuHm45APQKCAQEA+X+jHgdf\n0ClSML1kL0WrpgKnu27IEsu5J/jVwg6KTFHIRv/HuzhGITwBZOIeUkV2JjjcXKCF\n+4gzC2tFJbolIzdcptTYdhzqMxAoPWqUKTta+PL2+6IjqJZ1zPf6fem5tSEBYtM9\nGVJ2GWdtroOEXIETYsMyY4Rrxxfb81i7xA3xD6RpFMXb1h+ssupCNYg12boKzVTW\nreRPY5OHvuqobPYCWeOPTnIRMtzpJFGYdjWSRAA36gXFqpVVTwa+kTdv+vx+oczD\nJPyz7BwmVAir6RE46Jc1Wn6ut9XIbQKdmEBrg2XisvG83a6ohel8eQj7CeSdScmR\nim19lYguehJ/EQKCAQBZI2an6gn46F0pddXYd2/9THIZsfkoP+tKYRD05IkV5Z2u\naoYFDzA9kM6AlKpUC6jF8nuCGtGHy6oAh1jLARwe7J9lxVNQcrHbkKYKxBe9PQc/\nqmD5uRSStcb6HtbCoenmkeO0srRT/d/jhoWuhc8q98/XGWHAD2aWRft6IWB5oEQi\nsqyXJQEMl+xQ1OZS6YkmdvOdlKjDeDUASuLBH7olESzmV9P4CA6cmryj7TO/DdVT\nqALPgXpteYG+6tyh4vieB2ETiH7s77lL3AInN/0cpiodST1bQcnjSPJkehsO4v/y\nR4C/nPgbRL7zNq8tijJix7dkQ+1Qi1ijzAgf0lL5AoIBAQCugyiFCINsBnsGvHIm\n3oSBSboo0AQBoZ2Q5+wcIC970nhTsPTzbxkeheoztjWfNha+BWedImqU1V9ezVlA\nWkM/rqmPx7DgbLkjnlmHG9UmQe4P02IOAAsREKy1AX6kM6dBmiRuC3LhE1ynyEBf\noH4kdeQpYH8OPMFmMLoYLCipqVbDqiwV648o5l7VhiVpbCy+bfLATGccmmUtMTPx\nxhCopipe1VyXchG1ke9BCBGsHSyBg+WYOxFXj7xr2jvRNwWMeK/aXG7ioB75N3dX\nr/kOvI0hoyIeeh2bWF0oYnv40pZhAhLfN1bzeAdII1h9EFsHQHED+4lhWdRNk0Nu\n/yEBAoIBAGZthjNygLgiAVeJBS8DGcXvOYcaeTeBE/MhxGwbmFqMiHzkz9HhT/5t\nE9EVEDxdrNi1kDBQtrrX6AwnuxuTiKNxah1u2VDXpsk0rZ8P7Na1Ng8l2DUWYomh\nDFzRBf6duUMsIDe480YM6syDk59lGLhO1DxR2qQ/p4K4kxKGaqdbHWIqPPlWtAYs\nNmCQGNKAW+6e+oCmV3RVeavEOnRWOEtXdPCr4dNh6uqg1FbmsOtQ69QGKQc8UTGo\n5zoA59kCkB60hTglRfeQFXp1FPzyxpWuQi018HZZwzsH3rF4ZKJXYMySZjQvS5sq\nQGkkCDbkJlWZ2SaS5I2XuDah+IOnUbM=\n-----END PRIVATE KEY-----\n",
            "public_key_fingerprint_md5": "47:bd:74:3b:92:bb:4b:0e:b4:23:a1:b9:a8:0a:0e:72",
            "public_key_fingerprint_sha256": "SHA256:58HE2Z7iEiEYCCkZxO5z2V5vn1BYZZw8g1xMRZ3KfFw",
            "public_key_openssh": "ssh-rsa AAAAB3NzaC1yc2EAAAADAQABAAACAQDkYReG5ycoHJRC0NDsBsqf5jO+jVnqcYT3WGA6tzzqb2EaVDc8Hd8zIdC91Re1QThsm2LPJN9wGDmkv/faHBM7vGa4aW24Fx/RBmr4174fS9bArEuu23NSxGaIvLyehOSi1yig8Vo0wtXYrfb6Z8vgSk/v/ZyW3a6pdDCToAvwSHleqGgZjHnwpb33I49gYr6pt3q1Y/DLSvQHvk1rx7zjFSTsGiKNaBjsJMgwnRooW+LtjeS0m9LPcq3fmgRHvte3T6Z3pqQ9s+9uMOu+dP1Qr3/uRGWLFja1YoZRX7RDhcGZQ03doBFh9Uy/pHen1VspW0R7iXkLb6qs8JgVL9pvCa0mE6mf4NJVoKUJpbGV6B+WYBzSLzcVCfH25YnLkkPTSne/jLjJcPXqd5/ul5fOhtrTMnbvuVmEXshdKUvcR7cLmDpVTFkJ8Om9O4a7uNRF7YFdHkeiGvGFrviN0qrrJKTi9dUx82iuzCn5rVMyDMTRfAE24GUZcxMZ7EtSTcErkBgxS0+USO2+lk3wFtqBsSVL3qAJjLJHIacVi5rDVqTquC18YutOkWBpOWkr79JeqjEleXTor29ctRikBruhDzZBL9I6BTnsXsVYDIekKsqh6E0H4IY9kJxi2GQZbKxMz1OVO/VLtduHs+iSk0fhYLlCUl/8kh2YL0fAfJqHDQ==\n",
            "public_key_pem": "-----BEGIN PUBLIC KEY-----\nMIICIjANBgkqhkiG9w0BAQEFAAOCAg8AMIICCgKCAgEA5GEXhucnKByUQtDQ7AbK\nn+Yzvo1Z6nGE91hgOrc86m9hGlQ3PB3fMyHQvdUXtUE4bJtizyTfcBg5pL/32hwT\nO7xmuGltuBcf0QZq+Ne+H0vWwKxLrttzUsRmiLy8noTkotcooPFaNMLV2K32+mfL\n4EpP7/2clt2uqXQwk6AL8Eh5XqhoGYx58KW99yOPYGK+qbd6tWPwy0r0B75Na8e8\n4xUk7BoijWgY7CTIMJ0aKFvi7Y3ktJvSz3Kt35oER77Xt0+md6akPbPvbjDrvnT9\nUK9/7kRlixY2tWKGUV+0Q4XBmUNN3aARYfVMv6R3p9VbKVtEe4l5C2+qrPCYFS/a\nbwmtJhOpn+DSVaClCaWxlegflmAc0i83FQnx9uWJy5JD00p3v4y4yXD16nef7peX\nzoba0zJ277lZhF7IXSlL3Ee3C5g6VUxZCfDpvTuGu7jURe2BXR5Hohrxha74jdKq\n6ySk4vXVMfNorswp+a1TMgzE0XwBNuBlGXMTGexLUk3BK5AYMUtPlEjtvpZN8Bba\ngbElS96gCYyyRyGnFYuaw1ak6rgtfGLrTpFgaTlpK+/SXqoxJXl06K9vXLUYpAa7\noQ82QS/SOgU57F7FWAyHpCrKoehNB+CGPZCcYthkGWysTM9TlTv1S7Xbh7PokpNH\n4WC5QlJf/JIdmC9HwHyahw0CAwEAAQ==\n-----END PUBLIC KEY-----\n",
            "rsa_bits": 4096
          },
          "sensitive_attributes": [
            [
              {
                "type": "get_attr",
                "value": "private_key_pem_pkcs8"
              }
            ],
            [
              {
                "type": "get_attr",
                "value": "private_key_pem"
              }
            ],
            [
              {
                "type": "get_attr",
                "value": "private_key_openssh"
              }
            ]
          ],
          "create_before_destroy": true
        }
      ]
    }
  ],
  "check_results": null
}
